
Microsoft Visual Studio Solution File, Format Version 12.00
# Visual Studio 14
VisualStudioVersion = 14.0.25420.1
MinimumVisualStudioVersion = 10.0.40219.1
Project("{FAE04EC0-301F-11D3-BF4B-00C04F79EFBC}") = "ConsoleApplication1", "ConsoleApplication1\ConsoleApplication1.csproj", "{F50EA95F-90E8-4976-BFD2-4891954F47E7}"
EndProject
Project("{FAE04EC0-301F-11D3-BF4B-00C04F79EFBC}") = "UnitTestProject1", "UnitTestProject1\UnitTestProject1.csproj", "{A2F1E3A6-90D1-4FA3-B4CF-83A33434C7E8}"
EndProject
Project("{FAE04EC0-301F-11D3-BF4B-00C04F79EFBC}") = "ClassLibrary1", "ClassLibrary1\ClassLibrary1.csproj", "{028BF9B4-EA53-4C66-B884-6399DFAB3733}"
EndProject
Global
	GlobalSection(SolutionConfigurationPlatforms) = preSolution
		Debug|Any CPU = Debug|Any CPU
		Release|Any CPU = Release|Any CPU
	EndGlobalSection
	GlobalSection(ProjectConfigurationPlatforms) = postSolution
		{F50EA95F-90E8-4976-BFD2-4891954F47E7}.Debug|Any CPU.ActiveCfg = Debug|Any CPU
		{F50EA95F-90E8-4976-BFD2-4891954F47E7}.Debug|Any CPU.Build.0 = Debug|Any CPU
		{F50EA95F-90E8-4976-BFD2-4891954F47E7}.Release|Any CPU.ActiveCfg = Release|Any CPU
		{F50EA95F-90E8-4976-BFD2-4891954F47E7}.Release|Any CPU.Build.0 = Release|Any CPU
		{A2F1E3A6-90D1-4FA3-B4CF-83A33434C7E8}.Debug|Any CPU.ActiveCfg = Debug|Any CPU
		{A2F1E3A6-90D1-4FA3-B4CF-83A33434C7E8}.Debug|Any CPU.Build.0 = Debug|Any CPU
		{A2F1E3A6-90D1-4FA3-B4CF-83A33434C7E8}.Release|Any CPU.ActiveCfg = Release|Any CPU
		{A2F1E3A6-90D1-4FA3-B4CF-83A33434C7E8}.Release|Any CPU.Build.0 = Release|Any CPU
		{028BF9B4-EA53-4C66-B884-6399DFAB3733}.Debug|Any CPU.ActiveCfg = Debug|Any CPU
		{028BF9B4-EA53-4C66-B884-6399DFAB3733}.Debug|Any CPU.Build.0 = Debug|Any CPU
		{028BF9B4-EA53-4C66-B884-6399DFAB3733}.Release|Any CPU.ActiveCfg = Release|Any CPU
		{028BF9B4-EA53-4C66-B884-6399DFAB3733}.Release|Any CPU.Build.0 = Release|Any CPU
	EndGlobalSection
	GlobalSection(SolutionProperties) = preSolution
		HideSolutionNode = FALSE
	EndGlobalSection
EndGlobal
